
Microsoft Visual Studio Solution File, Format Version 12.00
# Visual Studio 14
VisualStudioVersion = 14.0.25420.1
MinimumVisualStudioVersion = 10.0.40219.1
Project("{FAE04EC0-301F-11D3-BF4B-00C04F79EFBC}") = "ForecastDatabase", "ForecastDatabase\ForecastDatabase.csproj", "{661B22E7-96B8-4677-8585-B9FFB7899839}"
EndProject
Project("{FAE04EC0-301F-11D3-BF4B-00C04F79EFBC}") = "Database", "Database\Database.csproj", "{4F90946C-903F-4363-BD79-F15A9DEFE4B5}"
EndProject
Global
	GlobalSection(SolutionConfigurationPlatforms) = preSolution
		Debug|Any CPU = Debug|Any CPU
		Release|Any CPU = Release|Any CPU
	EndGlobalSection
	GlobalSection(ProjectConfigurationPlatforms) = postSolution
		{661B22E7-96B8-4677-8585-B9FFB7899839}.Debug|Any CPU.ActiveCfg = Debug|Any CPU
		{661B22E7-96B8-4677-8585-B9FFB7899839}.Debug|Any CPU.Build.0 = Debug|Any CPU
		{661B22E7-96B8-4677-8585-B9FFB7899839}.Release|Any CPU.ActiveCfg = Release|Any CPU
		{661B22E7-96B8-4677-8585-B9FFB7899839}.Release|Any CPU.Build.0 = Release|Any CPU
		{4F90946C-903F-4363-BD79-F15A9DEFE4B5}.Debug|Any CPU.ActiveCfg = Debug|Any CPU
		{4F90946C-903F-4363-BD79-F15A9DEFE4B5}.Debug|Any CPU.Build.0 = Debug|Any CPU
		{4F90946C-903F-4363-BD79-F15A9DEFE4B5}.Release|Any CPU.ActiveCfg = Release|Any CPU
		{4F90946C-903F-4363-BD79-F15A9DEFE4B5}.Release|Any CPU.Build.0 = Release|Any CPU
	EndGlobalSection
	GlobalSection(SolutionProperties) = preSolution
		HideSolutionNode = FALSE
	EndGlobalSection
EndGlobal
