
Microsoft Visual Studio Solution File, Format Version 12.00
# Visual Studio 14
VisualStudioVersion = 14.0.25123.0
MinimumVisualStudioVersion = 10.0.40219.1
Project("{FAE04EC0-301F-11D3-BF4B-00C04F79EFBC}") = "ForecastWizardApplication", "ForecastWizardApplication\ForecastWizardApplication.csproj", "{BE147B1E-1A59-44D4-970C-6A5B64A0FC24}"
EndProject
Project("{FAE04EC0-301F-11D3-BF4B-00C04F79EFBC}") = "ForecastAppDatabase", "ForecastAppDatabase\ForecastAppDatabase.csproj", "{649D8687-F952-4722-BF55-18B947DD4B5C}"
EndProject
Project("{FAE04EC0-301F-11D3-BF4B-00C04F79EFBC}") = "ForecastAppService", "ForecastAppService\ForecastAppService.csproj", "{13B2183B-6E0C-4AA0-8CA2-E55C70CDCFF3}"
EndProject
Global
	GlobalSection(SolutionConfigurationPlatforms) = preSolution
		Debug|Any CPU = Debug|Any CPU
		Release|Any CPU = Release|Any CPU
	EndGlobalSection
	GlobalSection(ProjectConfigurationPlatforms) = postSolution
		{BE147B1E-1A59-44D4-970C-6A5B64A0FC24}.Debug|Any CPU.ActiveCfg = Debug|Any CPU
		{BE147B1E-1A59-44D4-970C-6A5B64A0FC24}.Debug|Any CPU.Build.0 = Debug|Any CPU
		{BE147B1E-1A59-44D4-970C-6A5B64A0FC24}.Release|Any CPU.ActiveCfg = Release|Any CPU
		{BE147B1E-1A59-44D4-970C-6A5B64A0FC24}.Release|Any CPU.Build.0 = Release|Any CPU
		{649D8687-F952-4722-BF55-18B947DD4B5C}.Debug|Any CPU.ActiveCfg = Debug|Any CPU
		{649D8687-F952-4722-BF55-18B947DD4B5C}.Debug|Any CPU.Build.0 = Debug|Any CPU
		{649D8687-F952-4722-BF55-18B947DD4B5C}.Release|Any CPU.ActiveCfg = Release|Any CPU
		{649D8687-F952-4722-BF55-18B947DD4B5C}.Release|Any CPU.Build.0 = Release|Any CPU
		{13B2183B-6E0C-4AA0-8CA2-E55C70CDCFF3}.Debug|Any CPU.ActiveCfg = Debug|Any CPU
		{13B2183B-6E0C-4AA0-8CA2-E55C70CDCFF3}.Debug|Any CPU.Build.0 = Debug|Any CPU
		{13B2183B-6E0C-4AA0-8CA2-E55C70CDCFF3}.Release|Any CPU.ActiveCfg = Release|Any CPU
		{13B2183B-6E0C-4AA0-8CA2-E55C70CDCFF3}.Release|Any CPU.Build.0 = Release|Any CPU
	EndGlobalSection
	GlobalSection(SolutionProperties) = preSolution
		HideSolutionNode = FALSE
	EndGlobalSection
	GlobalSection(TeamFoundationVersionControl) = preSolution
		SccNumberOfProjects = 4
		SccEnterpriseProvider = {4CA58AB2-18FA-4F8D-95D4-32DDF27D184C}
		SccTeamFoundationServer = https://realtimepower.visualstudio.com/
		SccLocalPath0 = .
		SccProjectUniqueName1 = ForecastAppDatabase\\ForecastAppDatabase.csproj
		SccProjectName1 = ForecastAppDatabase
		SccLocalPath1 = ForecastAppDatabase
		SccProjectUniqueName2 = ForecastAppService\\ForecastAppService.csproj
		SccProjectName2 = ForecastAppService
		SccLocalPath2 = ForecastAppService
		SccProjectUniqueName3 = ForecastWizardApplication\\ForecastWizardApplication.csproj
		SccProjectName3 = ForecastWizardApplication
		SccLocalPath3 = ForecastWizardApplication
	EndGlobalSection
EndGlobal
